// !$*UTF8*$!
{
	archiveVersion = 1;
	classes = {
	};
	objectVersion = 50;
	objects = {

/* Begin PBXBuildFile section */
		BB52097325897FB000B83E59 /* AppDelegate.swift in Sources */ = {isa = PBXBuildFile; fileRef = BB52097225897FB000B83E59 /* AppDelegate.swift */; };
		BB52097525897FB000B83E59 /* SceneDelegate.swift in Sources */ = {isa = PBXBuildFile; fileRef = BB52097425897FB000B83E59 /* SceneDelegate.swift */; };
		BB52097725897FB000B83E59 /* ViewController.swift in Sources */ = {isa = PBXBuildFile; fileRef = BB52097625897FB000B83E59 /* ViewController.swift */; };
		BB52097A25897FB000B83E59 /* Main.storyboard in Resources */ = {isa = PBXBuildFile; fileRef = BB52097825897FB000B83E59 /* Main.storyboard */; };
		BB52097D25897FB000B83E59 /* CustomWebView.xcdatamodeld in Sources */ = {isa = PBXBuildFile; fileRef = BB52097B25897FB000B83E59 /* CustomWebView.xcdatamodeld */; };
		BB52097F25897FB200B83E59 /* Assets.xcassets in Resources */ = {isa = PBXBuildFile; fileRef = BB52097E25897FB200B83E59 /* Assets.xcassets */; };
		BB52098225897FB300B83E59 /* LaunchScreen.storyboard in Resources */ = {isa = PBXBuildFile; fileRef = BB52098025897FB300B83E59 /* LaunchScreen.storyboard */; };
/* End PBXBuildFile section */

/* Begin PBXFileReference section */
		BB52096F25897FB000B83E59 /* CustomWebView.app */ = {isa = PBXFileReference; explicitFileType = wrapper.application; includeInIndex = 0; path = CustomWebView.app; sourceTree = BUILT_PRODUCTS_DIR; };
		BB52097225897FB000B83E59 /* AppDelegate.swift */ = {isa = PBXFileReference; lastKnownFileType = sourcecode.swift; path = AppDelegate.swift; sourceTree = "<group>"; };
		BB52097425897FB000B83E59 /* SceneDelegate.swift */ = {isa = PBXFileReference; lastKnownFileType = sourcecode.swift; path = SceneDelegate.swift; sourceTree = "<group>"; };
		BB52097625897FB000B83E59 /* ViewController.swift */ = {isa = PBXFileReference; lastKnownFileType = sourcecode.swift; path = ViewController.swift; sourceTree = "<group>"; };
		BB52097925897FB000B83E59 /* Base */ = {isa = PBXFileReference; lastKnownFileType = file.storyboard; name = Base; path = Base.lproj/Main.storyboard; sourceTree = "<group>"; };
		BB52097C25897FB000B83E59 /* CustomWebView.xcdatamodel */ = {isa = PBXFileReference; lastKnownFileType = wrapper.xcdatamodel; path = CustomWebView.xcdatamodel; sourceTree = "<group>"; };
		BB52097E25897FB200B83E59 /* Assets.xcassets */ = {isa = PBXFileReference; lastKnownFileType = folder.assetcatalog; path = Assets.xcassets; sourceTree = "<group>"; };
		BB52098125897FB300B83E59 /* Base */ = {isa = PBXFileReference; lastKnownFileType = file.storyboard; name = Base; path = Base.lproj/LaunchScreen.storyboard; sourceTree = "<group>"; };
		BB52098325897FB300B83E59 /* Info.plist */ = {isa = PBXFileReference; lastKnownFileType = text.plist.xml; path = Info.plist; sourceTree = "<group>"; };
/* End PBXFileReference section */

/* Begin PBXFrameworksBuildPhase section */
		BB52096C25897FB000B83E59 /* Frameworks */ = {
			isa = PBXFrameworksBuildPhase;
			buildActionMask = 2147483647;
			files = (
			);
			runOnlyForDeploymentPostprocessing = 0;
		};
/* End PBXFrameworksBuildPhase section */

/* Begin PBXGroup section */
		BB52096625897FB000B83E59 = {
			isa = PBXGroup;
			children = (
				BB52097125897FB000B83E59 /* CustomWebView */,
				BB52097025897FB000B83E59 /* Products */,
			);
			sourceTree = "<group>";
		};
		BB52097025897FB000B83E59 /* Products */ = {
			isa = PBXGroup;
			children = (
				BB52096F25897FB000B83E59 /* CustomWebView.app */,
			);
			name = Products;
			sourceTree = "<group>";
		};
		BB52097125897FB000B83E59 /* CustomWebView */ = {
			isa = PBXGroup;
			children = (
				BB52097225897FB000B83E59 /* AppDelegate.swift */,
				BB52097425897FB000B83E59 /* SceneDelegate.swift */,
				BB52097625897FB000B83E59 /* ViewController.swift */,
				BB52097825897FB000B83E59 /* Main.storyboard */,
				BB52097E25897FB200B83E59 /* Assets.xcassets */,
				BB52098025897FB300B83E59 /* LaunchScreen.storyboard */,
				BB52098325897FB300B83E59 /* Info.plist */,
				BB52097B25897FB000B83E59 /* CustomWebView.xcdatamodeld */,
			);
			path = CustomWebView;
			sourceTree = "<group>";
		};
/* End PBXGroup section */

/* Begin PBXNativeTarget section */
		BB52096E25897FB000B83E59 /* CustomWebView */ = {
			isa = PBXNativeTarget;
			buildConfigurationList = BB52098625897FB300B83E59 /* Build configuration list for PBXNativeTarget "CustomWebView" */;
			buildPhases = (
				BB52096B25897FB000B83E59 /* Sources */,
				BB52096C25897FB000B83E59 /* Frameworks */,
				BB52096D25897FB000B83E59 /* Resources */,
			);
			buildRules = (
			);
			dependencies = (
			);
			name = CustomWebView;
			productName = CustomWebView;
			productReference = BB52096F25897FB000B83E59 /* CustomWebView.app */;
			productType = "com.apple.product-type.application";
		};
/* End PBXNativeTarget section */

/* Begin PBXProject section */
		BB52096725897FB000B83E59 /* Project object */ = {
			isa = PBXProject;
			attributes = {
				LastSwiftUpdateCheck = 1120;
				LastUpgradeCheck = 1120;
				ORGANIZATIONNAME = "Jim Pool Moreno";
				TargetAttributes = {
					BB52096E25897FB000B83E59 = {
						CreatedOnToolsVersion = 11.2;
					};
				};
			};
			buildConfigurationList = BB52096A25897FB000B83E59 /* Build configuration list for PBXProject "CustomWebView" */;
			compatibilityVersion = "Xcode 9.3";
			developmentRegion = en;
			hasScannedForEncodings = 0;
			knownRegions = (
				en,
				Base,
			);
			mainGroup = BB52096625897FB000B83E59;
			productRefGroup = BB52097025897FB000B83E59 /* Products */;
			projectDirPath = "";
			projectRoot = "";
			targets = (
				BB52096E25897FB000B83E59 /* CustomWebView */,
			);
		};
/* End PBXProject section */

/* Begin PBXResourcesBuildPhase section */
		BB52096D25897FB000B83E59 /* Resources */ = {
			isa = PBXResourcesBuildPhase;
			buildActionMask = 2147483647;
			files = (
				BB52098225897FB300B83E59 /* LaunchScreen.storyboard in Resources */,
				BB52097F25897FB200B83E59 /* Assets.xcassets in Resources */,
				BB52097A25897FB000B83E59 /* Main.storyboard in Resources */,
			);
			runOnlyForDeploymentPostprocessing = 0;
		};
/* End PBXResourcesBuildPhase section */

/* Begin PBXSourcesBuildPhase section */
		BB52096B25897FB000B83E59 /* Sources */ = {
			isa = PBXSourcesBuildPhase;
			buildActionMask = 2147483647;
			files = (
				BB52097725897FB000B83E59 /* ViewController.swift in Sources */,
				BB52097325897FB000B83E59 /* AppDelegate.swift in Sources */,
				BB52097D25897FB000B83E59 /* CustomWebView.xcdatamodeld in Sources */,
				BB52097525897FB000B83E59 /* SceneDelegate.swift in Sources */,
			);
			runOnlyForDeploymentPostprocessing = 0;
		};
/* End PBXSourcesBuildPhase section */

/* Begin PBXVariantGroup section */
		BB52097825897FB000B83E59 /* Main.storyboard */ = {
			isa = PBXVariantGroup;
			children = (
				BB52097925897FB000B83E59 /* Base */,
			);
			name = Main.storyboard;
			sourceTree = "<group>";
		};
		BB52098025897FB300B83E59 /* LaunchScreen.storyboard */ = {
			isa = PBXVariantGroup;
			children = (
				BB52098125897FB300B83E59 /* Base */,
			);
			name = LaunchScreen.storyboard;
			sourceTree = "<group>";
		};
/* End PBXVariantGroup section */

/* Begin XCBuildConfiguration section */
		BB52098425897FB300B83E59 /* Debug */ = {
			isa = XCBuildConfiguration;
			buildSettings = {
				ALWAYS_SEARCH_USER_PATHS = NO;
				CLANG_ANALYZER_NONNULL = YES;
				CLANG_ANALYZER_NUMBER_OBJECT_CONVERSION = YES_AGGRESSIVE;
				CLANG_CXX_LANGUAGE_STANDARD = "gnu++14";
				CLANG_CXX_LIBRARY = "libc++";
				CLANG_ENABLE_MODULES = YES;
				CLANG_ENABLE_OBJC_ARC = YES;
				CLANG_ENABLE_OBJC_WEAK = YES;
				CLANG_WARN_BLOCK_CAPTURE_AUTORELEASING = YES;
				CLANG_WARN_BOOL_CONVERSION = YES;
				CLANG_WARN_COMMA = YES;
				CLANG_WARN_CONSTANT_CONVERSION = YES;
				CLANG_WARN_DEPRECATED_OBJC_IMPLEMENTATIONS = YES;
				CLANG_WARN_DIRECT_OBJC_ISA_USAGE = YES_ERROR;
				CLANG_WARN_DOCUMENTATION_COMMENTS = YES;
				CLANG_WARN_EMPTY_BODY = YES;
				CLANG_WARN_ENUM_CONVERSION = YES;
				CLANG_WARN_INFINITE_RECURSION = YES;
				CLANG_WARN_INT_CONVERSION = YES;
				CLANG_WARN_NON_LITERAL_NULL_CONVERSION = YES;
				CLANG_WARN_OBJC_IMPLICIT_RETAIN_SELF = YES;
				CLANG_WARN_OBJC_LITERAL_CONVERSION = YES;
				CLANG_WARN_OBJC_ROOT_CLASS = YES_ERROR;
				CLANG_WARN_RANGE_LOOP_ANALYSIS = YES;
				CLANG_WARN_STRICT_PROTOTYPES = YES;
				CLANG_WARN_SUSPICIOUS_MOVE = YES;
				CLANG_WARN_UNGUARDED_AVAILABILITY = YES_AGGRESSIVE;
				CLANG_WARN_UNREACHABLE_CODE = YES;
				CLANG_WARN__DUPLICATE_METHOD_MATCH = YES;
				COPY_PHASE_STRIP = NO;
				DEBUG_INFORMATION_FORMAT = dwarf;
				ENABLE_STRICT_OBJC_MSGSEND = YES;
				ENABLE_TESTABILITY = YES;
				GCC_C_LANGUAGE_STANDARD = gnu11;
				GCC_DYNAMIC_NO_PIC = NO;
				GCC_NO_COMMON_BLOCKS = YES;
				GCC_OPTIMIZATION_LEVEL = 0;
				GCC_PREPROCESSOR_DEFINITIONS = (
					"DEBUG=1",
					"$(inherited)",
				);
				GCC_WARN_64_TO_32_BIT_CONVERSION = YES;
				GCC_WARN_ABOUT_RETURN_TYPE = YES_ERROR;
				GCC_WARN_UNDECLARED_SELECTOR = YES;
				GCC_WARN_UNINITIALIZED_AUTOS = YES_AGGRESSIVE;
				GCC_WARN_UNUSED_FUNCTION = YES;
				GCC_WARN_UNUSED_VARIABLE = YES;
				IPHONEOS_DEPLOYMENT_TARGET = 13.2;
				MTL_ENABLE_DEBUG_INFO = INCLUDE_SOURCE;
				MTL_FAST_MATH = YES;
				ONLY_ACTIVE_ARCH = YES;
				SDKROOT = iphoneos;
				SWIFT_ACTIVE_COMPILATION_CONDITIONS = DEBUG;
				SWIFT_OPTIMIZATION_LEVEL = "-Onone";
			};
			name = Debug;
		};
		BB52098525897FB300B83E59 /* Release */ = {
			isa = XCBuildConfiguration;
			buildSettings = {
				ALWAYS_SEARCH_USER_PATHS = NO;
				CLANG_ANALYZER_NONNULL = YES;
				CLANG_ANALYZER_NUMBER_OBJECT_CONVERSION = YES_AGGRESSIVE;
				CLANG_CXX_LANGUAGE_STANDARD = "gnu++14";
				CLANG_CXX_LIBRARY = "libc++";
				CLANG_ENABLE_MODULES = YES;
				CLANG_ENABLE_OBJC_ARC = YES;
				CLANG_ENABLE_OBJC_WEAK = YES;
				CLANG_WARN_BLOCK_CAPTURE_AUTORELEASING = YES;
				CLANG_WARN_BOOL_CONVERSION = YES;
				CLANG_WARN_COMMA = YES;
				CLANG_WARN_CONSTANT_CONVERSION = YES;
				CLANG_WARN_DEPRECATED_OBJC_IMPLEMENTATIONS = YES;
				CLANG_WARN_DIRECT_OBJC_ISA_USAGE = YES_ERROR;
				CLANG_WARN_DOCUMENTATION_COMMENTS = YES;
				CLANG_WARN_EMPTY_BODY = YES;
				CLANG_WARN_ENUM_CONVERSION = YES;
				CLANG_WARN_INFINITE_RECURSION = YES;
				CLANG_WARN_INT_CONVERSION = YES;
				CLANG_WARN_NON_LITERAL_NULL_CONVERSION = YES;
				CLANG_WARN_OBJC_IMPLICIT_RETAIN_SELF = YES;
				CLANG_WARN_OBJC_LITERAL_CONVERSION = YES;
				CLANG_WARN_OBJC_ROOT_CLASS = YES_ERROR;
				CLANG_WARN_RANGE_LOOP_ANALYSIS = YES;
				CLANG_WARN_STRICT_PROTOTYPES = YES;
				CLANG_WARN_SUSPICIOUS_MOVE = YES;
				CLANG_WARN_UNGUARDED_AVAILABILITY = YES_AGGRESSIVE;
				CLANG_WARN_UNREACHABLE_CODE = YES;
				CLANG_WARN__DUPLICATE_METHOD_MATCH = YES;
				COPY_PHASE_STRIP = NO;
				DEBUG_INFORMATION_FORMAT = "dwarf-with-dsym";
				ENABLE_NS_ASSERTIONS = NO;
				ENABLE_STRICT_OBJC_MSGSEND = YES;
				GCC_C_LANGUAGE_STANDARD = gnu11;
				GCC_NO_COMMON_BLOCKS = YES;
				GCC_WARN_64_TO_32_BIT_CONVERSION = YES;
				GCC_WARN_ABOUT_RETURN_TYPE = YES_ERROR;
				GCC_WARN_UNDECLARED_SELECTOR = YES;
				GCC_WARN_UNINITIALIZED_AUTOS = YES_AGGRESSIVE;
				GCC_WARN_UNUSED_FUNCTION = YES;
				GCC_WARN_UNUSED_VARIABLE = YES;
				IPHONEOS_DEPLOYMENT_TARGET = 13.2;
				MTL_ENABLE_DEBUG_INFO = NO;
				MTL_FAST_MATH = YES;
				SDKROOT = iphoneos;
				SWIFT_COMPILATION_MODE = wholemodule;
				SWIFT_OPTIMIZATION_LEVEL = "-O";
				VALIDATE_PRODUCT = YES;
			};
			name = Release;
		};
		BB52098725897FB300B83E59 /* Debug */ = {
			isa = XCBuildConfiguration;
			buildSettings = {
				ASSETCATALOG_COMPILER_APPICON_NAME = AppIcon;
				CODE_SIGN_STYLE = Automatic;
				INFOPLIST_FILE = CustomWebView/Info.plist;
				LD_RUNPATH_SEARCH_PATHS = (
					"$(inherited)",
					"@executable_path/Frameworks",
				);
				PRODUCT_BUNDLE_IDENTIFIER = apps4All.CustomWebView;
				PRODUCT_NAME = "$(TARGET_NAME)";
				SWIFT_VERSION = 5.0;
				TARGETED_DEVICE_FAMILY = "1,2";
			};
			name = Debug;
		};
		BB52098825897FB300B83E59 /* Release */ = {
			isa = XCBuildConfiguration;
			buildSettings = {
				ASSETCATALOG_COMPILER_APPICON_NAME = AppIcon;
				CODE_SIGN_STYLE = Automatic;
				INFOPLIST_FILE = CustomWebView/Info.plist;
				LD_RUNPATH_SEARCH_PATHS = (
					"$(inherited)",
					"@executable_path/Frameworks",
				);
				PRODUCT_BUNDLE_IDENTIFIER = apps4All.CustomWebView;
				PRODUCT_NAME = "$(TARGET_NAME)";
				SWIFT_VERSION = 5.0;
				TARGETED_DEVICE_FAMILY = "1,2";
			};
			name = Release;
		};
/* End XCBuildConfiguration section */

/* Begin XCConfigurationList section */
		BB52096A25897FB000B83E59 /* Build configuration list for PBXProject "CustomWebView" */ = {
			isa = XCConfigurationList;
			buildConfigurations = (
				BB52098425897FB300B83E59 /* Debug */,
				BB52098525897FB300B83E59 /* Release */,
			);
			defaultConfigurationIsVisible = 0;
			defaultConfigurationName = Release;
		};
		BB52098625897FB300B83E59 /* Build configuration list for PBXNativeTarget "CustomWebView" */ = {
			isa = XCConfigurationList;
			buildConfigurations = (
				BB52098725897FB300B83E59 /* Debug */,
				BB52098825897FB300B83E59 /* Release */,
			);
			defaultConfigurationIsVisible = 0;
			defaultConfigurationName = Release;
		};
/* End XCConfigurationList section */

/* Begin XCVersionGroup section */
		BB52097B25897FB000B83E59 /* CustomWebView.xcdatamodeld */ = {
			isa = XCVersionGroup;
			children = (
				BB52097C25897FB000B83E59 /* CustomWebView.xcdatamodel */,
			);
			currentVersion = BB52097C25897FB000B83E59 /* CustomWebView.xcdatamodel */;
			path = CustomWebView.xcdatamodeld;
			sourceTree = "<group>";
			versionGroupType = wrapper.xcdatamodel;
		};
/* End XCVersionGroup section */
	};
	rootObject = BB52096725897FB000B83E59 /* Project object */;
}
